// !$*UTF8*$!
{
	archiveVersion = 1;
	classes = {
	};
	objectVersion = 56;
	objects = {

/* Begin PBXBuildFile section */
		8C443B0729DFE114002D8092 /* AppDelegate.swift in Sources */ = {isa = PBXBuildFile; fileRef = 8C443B0629DFE114002D8092 /* AppDelegate.swift */; };
		8C443B0929DFE114002D8092 /* SceneDelegate.swift in Sources */ = {isa = PBXBuildFile; fileRef = 8C443B0829DFE114002D8092 /* SceneDelegate.swift */; };
		8C443B0B29DFE114002D8092 /* ViewController.swift in Sources */ = {isa = PBXBuildFile; fileRef = 8C443B0A29DFE114002D8092 /* ViewController.swift */; };
		8C443B0E29DFE114002D8092 /* Main.storyboard in Resources */ = {isa = PBXBuildFile; fileRef = 8C443B0C29DFE114002D8092 /* Main.storyboard */; };
		8C443B1129DFE114002D8092 /* core_data_base.xcdatamodeld in Sources */ = {isa = PBXBuildFile; fileRef = 8C443B0F29DFE114002D8092 /* core_data_base.xcdatamodeld */; };
		8C443B1329DFE116002D8092 /* Assets.xcassets in Resources */ = {isa = PBXBuildFile; fileRef = 8C443B1229DFE116002D8092 /* Assets.xcassets */; };
		8C443B1629DFE116002D8092 /* LaunchScreen.storyboard in Resources */ = {isa = PBXBuildFile; fileRef = 8C443B1429DFE116002D8092 /* LaunchScreen.storyboard */; };
/* End PBXBuildFile section */

/* Begin PBXFileReference section */
		8C443B0329DFE114002D8092 /* core data base.app */ = {isa = PBXFileReference; explicitFileType = wrapper.application; includeInIndex = 0; path = "core data base.app"; sourceTree = BUILT_PRODUCTS_DIR; };
		8C443B0629DFE114002D8092 /* AppDelegate.swift */ = {isa = PBXFileReference; lastKnownFileType = sourcecode.swift; path = AppDelegate.swift; sourceTree = "<group>"; };
		8C443B0829DFE114002D8092 /* SceneDelegate.swift */ = {isa = PBXFileReference; lastKnownFileType = sourcecode.swift; path = SceneDelegate.swift; sourceTree = "<group>"; };
		8C443B0A29DFE114002D8092 /* ViewController.swift */ = {isa = PBXFileReference; lastKnownFileType = sourcecode.swift; path = ViewController.swift; sourceTree = "<group>"; };
		8C443B0D29DFE114002D8092 /* Base */ = {isa = PBXFileReference; lastKnownFileType = file.storyboard; name = Base; path = Base.lproj/Main.storyboard; sourceTree = "<group>"; };
		8C443B1029DFE114002D8092 /* core_data_base.xcdatamodel */ = {isa = PBXFileReference; lastKnownFileType = wrapper.xcdatamodel; path = core_data_base.xcdatamodel; sourceTree = "<group>"; };
		8C443B1229DFE116002D8092 /* Assets.xcassets */ = {isa = PBXFileReference; lastKnownFileType = folder.assetcatalog; path = Assets.xcassets; sourceTree = "<group>"; };
		8C443B1529DFE116002D8092 /* Base */ = {isa = PBXFileReference; lastKnownFileType = file.storyboard; name = Base; path = Base.lproj/LaunchScreen.storyboard; sourceTree = "<group>"; };
		8C443B1729DFE116002D8092 /* Info.plist */ = {isa = PBXFileReference; lastKnownFileType = text.plist.xml; path = Info.plist; sourceTree = "<group>"; };
/* End PBXFileReference section */

/* Begin PBXFrameworksBuildPhase section */
		8C443B0029DFE114002D8092 /* Frameworks */ = {
			isa = PBXFrameworksBuildPhase;
			buildActionMask = 2147483647;
			files = (
			);
			runOnlyForDeploymentPostprocessing = 0;
		};
/* End PBXFrameworksBuildPhase section */

/* Begin PBXGroup section */
		8C443AFA29DFE113002D8092 = {
			isa = PBXGroup;
			children = (
				8C443B0529DFE114002D8092 /* core data base */,
				8C443B0429DFE114002D8092 /* Products */,
			);
			sourceTree = "<group>";
		};
		8C443B0429DFE114002D8092 /* Products */ = {
			isa = PBXGroup;
			children = (
				8C443B0329DFE114002D8092 /* core data base.app */,
			);
			name = Products;
			sourceTree = "<group>";
		};
		8C443B0529DFE114002D8092 /* core data base */ = {
			isa = PBXGroup;
			children = (
				8C443B0629DFE114002D8092 /* AppDelegate.swift */,
				8C443B0829DFE114002D8092 /* SceneDelegate.swift */,
				8C443B0A29DFE114002D8092 /* ViewController.swift */,
				8C443B0C29DFE114002D8092 /* Main.storyboard */,
				8C443B1229DFE116002D8092 /* Assets.xcassets */,
				8C443B1429DFE116002D8092 /* LaunchScreen.storyboard */,
				8C443B1729DFE116002D8092 /* Info.plist */,
				8C443B0F29DFE114002D8092 /* core_data_base.xcdatamodeld */,
			);
			path = "core data base";
			sourceTree = "<group>";
		};
/* End PBXGroup section */

/* Begin PBXNativeTarget section */
		8C443B0229DFE114002D8092 /* core data base */ = {
			isa = PBXNativeTarget;
			buildConfigurationList = 8C443B1A29DFE116002D8092 /* Build configuration list for PBXNativeTarget "core data base" */;
			buildPhases = (
				8C443AFF29DFE114002D8092 /* Sources */,
				8C443B0029DFE114002D8092 /* Frameworks */,
				8C443B0129DFE114002D8092 /* Resources */,
			);
			buildRules = (
			);
			dependencies = (
			);
			name = "core data base";
			productName = "core data base";
			productReference = 8C443B0329DFE114002D8092 /* core data base.app */;
			productType = "com.apple.product-type.application";
		};
/* End PBXNativeTarget section */

/* Begin PBXProject section */
		8C443AFB29DFE113002D8092 /* Project object */ = {
			isa = PBXProject;
			attributes = {
				BuildIndependentTargetsInParallel = 1;
				LastSwiftUpdateCheck = 1420;
				LastUpgradeCheck = 1420;
				TargetAttributes = {
					8C443B0229DFE114002D8092 = {
						CreatedOnToolsVersion = 14.2;
					};
				};
			};
			buildConfigurationList = 8C443AFE29DFE113002D8092 /* Build configuration list for PBXProject "core data base" */;
			compatibilityVersion = "Xcode 14.0";
			developmentRegion = en;
			hasScannedForEncodings = 0;
			knownRegions = (
				en,
				Base,
			);
			mainGroup = 8C443AFA29DFE113002D8092;
			productRefGroup = 8C443B0429DFE114002D8092 /* Products */;
			projectDirPath = "";
			projectRoot = "";
			targets = (
				8C443B0229DFE114002D8092 /* core data base */,
			);
		};
/* End PBXProject section */

/* Begin PBXResourcesBuildPhase section */
		8C443B0129DFE114002D8092 /* Resources */ = {
			isa = PBXResourcesBuildPhase;
			buildActionMask = 2147483647;
			files = (
				8C443B1629DFE116002D8092 /* LaunchScreen.storyboard in Resources */,
				8C443B1329DFE116002D8092 /* Assets.xcassets in Resources */,
				8C443B0E29DFE114002D8092 /* Main.storyboard in Resources */,
			);
			runOnlyForDeploymentPostprocessing = 0;
		};
/* End PBXResourcesBuildPhase section */

/* Begin PBXSourcesBuildPhase section */
		8C443AFF29DFE114002D8092 /* Sources */ = {
			isa = PBXSourcesBuildPhase;
			buildActionMask = 2147483647;
			files = (
				8C443B0B29DFE114002D8092 /* ViewController.swift in Sources */,
				8C443B0729DFE114002D8092 /* AppDelegate.swift in Sources */,
				8C443B0929DFE114002D8092 /* SceneDelegate.swift in Sources */,
				8C443B1129DFE114002D8092 /* core_data_base.xcdatamodeld in Sources */,
			);
			runOnlyForDeploymentPostprocessing = 0;
		};
/* End PBXSourcesBuildPhase section */

/* Begin PBXVariantGroup section */
		8C443B0C29DFE114002D8092 /* Main.storyboard */ = {
			isa = PBXVariantGroup;
			children = (
				8C443B0D29DFE114002D8092 /* Base */,
			);
			name = Main.storyboard;
			sourceTree = "<group>";
		};
		8C443B1429DFE116002D8092 /* LaunchScreen.storyboard */ = {
			isa = PBXVariantGroup;
			children = (
				8C443B1529DFE116002D8092 /* Base */,
			);
			name = LaunchScreen.storyboard;
			sourceTree = "<group>";
		};
/* End PBXVariantGroup section */

/* Begin XCBuildConfiguration section */
		8C443B1829DFE116002D8092 /* Debug */ = {
			isa = XCBuildConfiguration;
			buildSettings = {
				ALWAYS_SEARCH_USER_PATHS = NO;
				CLANG_ANALYZER_NONNULL = YES;
				CLANG_ANALYZER_NUMBER_OBJECT_CONVERSION = YES_AGGRESSIVE;
				CLANG_CXX_LANGUAGE_STANDARD = "gnu++20";
				CLANG_ENABLE_MODULES = YES;
				CLANG_ENABLE_OBJC_ARC = YES;
				CLANG_ENABLE_OBJC_WEAK = YES;
				CLANG_WARN_BLOCK_CAPTURE_AUTORELEASING = YES;
				CLANG_WARN_BOOL_CONVERSION = YES;
				CLANG_WARN_COMMA = YES;
				CLANG_WARN_CONSTANT_CONVERSION = YES;
				CLANG_WARN_DEPRECATED_OBJC_IMPLEMENTATIONS = YES;
				CLANG_WARN_DIRECT_OBJC_ISA_USAGE = YES_ERROR;
				CLANG_WARN_DOCUMENTATION_COMMENTS = YES;
				CLANG_WARN_EMPTY_BODY = YES;
				CLANG_WARN_ENUM_CONVERSION = YES;
				CLANG_WARN_INFINITE_RECURSION = YES;
				CLANG_WARN_INT_CONVERSION = YES;
				CLANG_WARN_NON_LITERAL_NULL_CONVERSION = YES;
				CLANG_WARN_OBJC_IMPLICIT_RETAIN_SELF = YES;
				CLANG_WARN_OBJC_LITERAL_CONVERSION = YES;
				CLANG_WARN_OBJC_ROOT_CLASS = YES_ERROR;
				CLANG_WARN_QUOTED_INCLUDE_IN_FRAMEWORK_HEADER = YES;
				CLANG_WARN_RANGE_LOOP_ANALYSIS = YES;
				CLANG_WARN_STRICT_PROTOTYPES = YES;
				CLANG_WARN_SUSPICIOUS_MOVE = YES;
				CLANG_WARN_UNGUARDED_AVAILABILITY = YES_AGGRESSIVE;
				CLANG_WARN_UNREACHABLE_CODE = YES;
				CLANG_WARN__DUPLICATE_METHOD_MATCH = YES;
				COPY_PHASE_STRIP = NO;
				DEBUG_INFORMATION_FORMAT = dwarf;
				ENABLE_STRICT_OBJC_MSGSEND = YES;
				ENABLE_TESTABILITY = YES;
				GCC_C_LANGUAGE_STANDARD = gnu11;
				GCC_DYNAMIC_NO_PIC = NO;
				GCC_NO_COMMON_BLOCKS = YES;
				GCC_OPTIMIZATION_LEVEL = 0;
				GCC_PREPROCESSOR_DEFINITIONS = (
					"DEBUG=1",
					"$(inherited)",
				);
				GCC_WARN_64_TO_32_BIT_CONVERSION = YES;
				GCC_WARN_ABOUT_RETURN_TYPE = YES_ERROR;
				GCC_WARN_UNDECLARED_SELECTOR = YES;
				GCC_WARN_UNINITIALIZED_AUTOS = YES_AGGRESSIVE;
				GCC_WARN_UNUSED_FUNCTION = YES;
				GCC_WARN_UNUSED_VARIABLE = YES;
				IPHONEOS_DEPLOYMENT_TARGET = 16.2;
				MTL_ENABLE_DEBUG_INFO = INCLUDE_SOURCE;
				MTL_FAST_MATH = YES;
				ONLY_ACTIVE_ARCH = YES;
				SDKROOT = iphoneos;
				SWIFT_ACTIVE_COMPILATION_CONDITIONS = DEBUG;
				SWIFT_OPTIMIZATION_LEVEL = "-Onone";
			};
			name = Debug;
		};
		8C443B1929DFE116002D8092 /* Release */ = {
			isa = XCBuildConfiguration;
			buildSettings = {
				ALWAYS_SEARCH_USER_PATHS = NO;
				CLANG_ANALYZER_NONNULL = YES;
				CLANG_ANALYZER_NUMBER_OBJECT_CONVERSION = YES_AGGRESSIVE;
				CLANG_CXX_LANGUAGE_STANDARD = "gnu++20";
				CLANG_ENABLE_MODULES = YES;
				CLANG_ENABLE_OBJC_ARC = YES;
				CLANG_ENABLE_OBJC_WEAK = YES;
				CLANG_WARN_BLOCK_CAPTURE_AUTORELEASING = YES;
				CLANG_WARN_BOOL_CONVERSION = YES;
				CLANG_WARN_COMMA = YES;
				CLANG_WARN_CONSTANT_CONVERSION = YES;
				CLANG_WARN_DEPRECATED_OBJC_IMPLEMENTATIONS = YES;
				CLANG_WARN_DIRECT_OBJC_ISA_USAGE = YES_ERROR;
				CLANG_WARN_DOCUMENTATION_COMMENTS = YES;
				CLANG_WARN_EMPTY_BODY = YES;
				CLANG_WARN_ENUM_CONVERSION = YES;
				CLANG_WARN_INFINITE_RECURSION = YES;
				CLANG_WARN_INT_CONVERSION = YES;
				CLANG_WARN_NON_LITERAL_NULL_CONVERSION = YES;
				CLANG_WARN_OBJC_IMPLICIT_RETAIN_SELF = YES;
				CLANG_WARN_OBJC_LITERAL_CONVERSION = YES;
				CLANG_WARN_OBJC_ROOT_CLASS = YES_ERROR;
				CLANG_WARN_QUOTED_INCLUDE_IN_FRAMEWORK_HEADER = YES;
				CLANG_WARN_RANGE_LOOP_ANALYSIS = YES;
				CLANG_WARN_STRICT_PROTOTYPES = YES;
				CLANG_WARN_SUSPICIOUS_MOVE = YES;
				CLANG_WARN_UNGUARDED_AVAILABILITY = YES_AGGRESSIVE;
				CLANG_WARN_UNREACHABLE_CODE = YES;
				CLANG_WARN__DUPLICATE_METHOD_MATCH = YES;
				COPY_PHASE_STRIP = NO;
				DEBUG_INFORMATION_FORMAT = "dwarf-with-dsym";
				ENABLE_NS_ASSERTIONS = NO;
				ENABLE_STRICT_OBJC_MSGSEND = YES;
				GCC_C_LANGUAGE_STANDARD = gnu11;
				GCC_NO_COMMON_BLOCKS = YES;
				GCC_WARN_64_TO_32_BIT_CONVERSION = YES;
				GCC_WARN_ABOUT_RETURN_TYPE = YES_ERROR;
				GCC_WARN_UNDECLARED_SELECTOR = YES;
				GCC_WARN_UNINITIALIZED_AUTOS = YES_AGGRESSIVE;
				GCC_WARN_UNUSED_FUNCTION = YES;
				GCC_WARN_UNUSED_VARIABLE = YES;
				IPHONEOS_DEPLOYMENT_TARGET = 16.2;
				MTL_ENABLE_DEBUG_INFO = NO;
				MTL_FAST_MATH = YES;
				SDKROOT = iphoneos;
				SWIFT_COMPILATION_MODE = wholemodule;
				SWIFT_OPTIMIZATION_LEVEL = "-O";
				VALIDATE_PRODUCT = YES;
			};
			name = Release;
		};
		8C443B1B29DFE116002D8092 /* Debug */ = {
			isa = XCBuildConfiguration;
			buildSettings = {
				ASSETCATALOG_COMPILER_APPICON_NAME = AppIcon;
				ASSETCATALOG_COMPILER_GLOBAL_ACCENT_COLOR_NAME = AccentColor;
				CODE_SIGN_STYLE = Automatic;
				CURRENT_PROJECT_VERSION = 1;
				DEVELOPMENT_TEAM = MTL7SH5Y39;
				GENERATE_INFOPLIST_FILE = YES;
				INFOPLIST_FILE = "core data base/Info.plist";
				INFOPLIST_KEY_UIApplicationSupportsIndirectInputEvents = YES;
				INFOPLIST_KEY_UILaunchStoryboardName = LaunchScreen;
				INFOPLIST_KEY_UIMainStoryboardFile = Main;
				INFOPLIST_KEY_UISupportedInterfaceOrientations_iPad = "UIInterfaceOrientationPortrait UIInterfaceOrientationPortraitUpsideDown UIInterfaceOrientationLandscapeLeft UIInterfaceOrientationLandscapeRight";
				INFOPLIST_KEY_UISupportedInterfaceOrientations_iPhone = "UIInterfaceOrientationPortrait UIInterfaceOrientationLandscapeLeft UIInterfaceOrientationLandscapeRight";
				LD_RUNPATH_SEARCH_PATHS = (
					"$(inherited)",
					"@executable_path/Frameworks",
				);
				MARKETING_VERSION = 1.0;
				PRODUCT_BUNDLE_IDENTIFIER = "core-data-base.core-data-base";
				PRODUCT_NAME = "$(TARGET_NAME)";
				SWIFT_EMIT_LOC_STRINGS = YES;
				SWIFT_VERSION = 5.0;
				TARGETED_DEVICE_FAMILY = "1,2";
			};
			name = Debug;
		};
		8C443B1C29DFE116002D8092 /* Release */ = {
			isa = XCBuildConfiguration;
			buildSettings = {
				ASSETCATALOG_COMPILER_APPICON_NAME = AppIcon;
				ASSETCATALOG_COMPILER_GLOBAL_ACCENT_COLOR_NAME = AccentColor;
				CODE_SIGN_STYLE = Automatic;
				CURRENT_PROJECT_VERSION = 1;
				DEVELOPMENT_TEAM = MTL7SH5Y39;
				GENERATE_INFOPLIST_FILE = YES;
				INFOPLIST_FILE = "core data base/Info.plist";
				INFOPLIST_KEY_UIApplicationSupportsIndirectInputEvents = YES;
				INFOPLIST_KEY_UILaunchStoryboardName = LaunchScreen;
				INFOPLIST_KEY_UIMainStoryboardFile = Main;
				INFOPLIST_KEY_UISupportedInterfaceOrientations_iPad = "UIInterfaceOrientationPortrait UIInterfaceOrientationPortraitUpsideDown UIInterfaceOrientationLandscapeLeft UIInterfaceOrientationLandscapeRight";
				INFOPLIST_KEY_UISupportedInterfaceOrientations_iPhone = "UIInterfaceOrientationPortrait UIInterfaceOrientationLandscapeLeft UIInterfaceOrientationLandscapeRight";
				LD_RUNPATH_SEARCH_PATHS = (
					"$(inherited)",
					"@executable_path/Frameworks",
				);
				MARKETING_VERSION = 1.0;
				PRODUCT_BUNDLE_IDENTIFIER = "core-data-base.core-data-base";
				PRODUCT_NAME = "$(TARGET_NAME)";
				SWIFT_EMIT_LOC_STRINGS = YES;
				SWIFT_VERSION = 5.0;
				TARGETED_DEVICE_FAMILY = "1,2";
			};
			name = Release;
		};
/* End XCBuildConfiguration section */

/* Begin XCConfigurationList section */
		8C443AFE29DFE113002D8092 /* Build configuration list for PBXProject "core data base" */ = {
			isa = XCConfigurationList;
			buildConfigurations = (
				8C443B1829DFE116002D8092 /* Debug */,
				8C443B1929DFE116002D8092 /* Release */,
			);
			defaultConfigurationIsVisible = 0;
			defaultConfigurationName = Release;
		};
		8C443B1A29DFE116002D8092 /* Build configuration list for PBXNativeTarget "core data base" */ = {
			isa = XCConfigurationList;
			buildConfigurations = (
				8C443B1B29DFE116002D8092 /* Debug */,
				8C443B1C29DFE116002D8092 /* Release */,
			);
			defaultConfigurationIsVisible = 0;
			defaultConfigurationName = Release;
		};
/* End XCConfigurationList section */

/* Begin XCVersionGroup section */
		8C443B0F29DFE114002D8092 /* core_data_base.xcdatamodeld */ = {
			isa = XCVersionGroup;
			children = (
				8C443B1029DFE114002D8092 /* core_data_base.xcdatamodel */,
			);
			currentVersion = 8C443B1029DFE114002D8092 /* core_data_base.xcdatamodel */;
			path = core_data_base.xcdatamodeld;
			sourceTree = "<group>";
			versionGroupType = wrapper.xcdatamodel;
		};
/* End XCVersionGroup section */
	};
	rootObject = 8C443AFB29DFE113002D8092 /* Project object */;
}
